
Microsoft Visual Studio Solution File, Format Version 12.00
# Visual Studio 16
Project("{FAE04EC0-301F-11D3-BF4B-00C04F79EFBC}") = "VuforiaScripts", "VuforiaScripts.csproj", "{4B36BC5D-CA70-782E-D9E7-60541142DCB5}"
EndProject
Project("{FAE04EC0-301F-11D3-BF4B-00C04F79EFBC}") = "VuforiaEditorScripts", "VuforiaEditorScripts.csproj", "{02599815-9AA2-6F16-B51D-21E178D05A6D}"
EndProject
Global
	GlobalSection(SolutionConfigurationPlatforms) = preSolution
		Debug|Any CPU = Debug|Any CPU
		Release|Any CPU = Release|Any CPU
	EndGlobalSection
	GlobalSection(ProjectConfigurationPlatforms) = postSolution
		{4B36BC5D-CA70-782E-D9E7-60541142DCB5}.Debug|Any CPU.ActiveCfg = Debug|Any CPU
		{4B36BC5D-CA70-782E-D9E7-60541142DCB5}.Debug|Any CPU.Build.0 = Debug|Any CPU
		{4B36BC5D-CA70-782E-D9E7-60541142DCB5}.Release|Any CPU.ActiveCfg = Release|Any CPU
		{4B36BC5D-CA70-782E-D9E7-60541142DCB5}.Release|Any CPU.Build.0 = Release|Any CPU
		{02599815-9AA2-6F16-B51D-21E178D05A6D}.Debug|Any CPU.ActiveCfg = Debug|Any CPU
		{02599815-9AA2-6F16-B51D-21E178D05A6D}.Debug|Any CPU.Build.0 = Debug|Any CPU
		{02599815-9AA2-6F16-B51D-21E178D05A6D}.Release|Any CPU.ActiveCfg = Release|Any CPU
		{02599815-9AA2-6F16-B51D-21E178D05A6D}.Release|Any CPU.Build.0 = Release|Any CPU
	EndGlobalSection
	GlobalSection(SolutionProperties) = preSolution
		HideSolutionNode = FALSE
	EndGlobalSection
EndGlobal
